{
  "name": "@nemoobc/opencode-termux",
  "version": "1.20.16",
  "lockfileVersion": 3,
  "requires": true,
  "packages": {
    "": {
      "name": "@nemoobc/opencode-termux",
      "version": "1.20.16",
      "hasInstallScript": true,
      "license": "MIT",
      "bin": {
        "opencode-termux": "bin/opencode-termux.js"
      },
      "engines": {
        "node": ">=18"
      }
    }
  }
}
